{
    "name": "votre-projet",
    "version": "1.0.0",
    "lockfileVersion": 3,
    "requires": true,
    "main": "server.js",
    "packages": {
        "": {
            "name": "votre-projet",
            "version": "1.0.0",
            "engines": {
                "node": "18.x"
            }
        }
    },
    "scripts": {
        "start": "node server.js"
    }
}
